
Microsoft Visual Studio Solution File, Format Version 12.00
# Visual Studio Version 17
VisualStudioVersion = 17.11.35327.3
MinimumVisualStudioVersion = 10.0.40219.1
Project("{FAE04EC0-301F-11D3-BF4B-00C04F79EFBC}") = "QsMessaging", "QsMessaging\QsMessaging.csproj", "{725F3383-4E94-4BB6-8DCA-B75FCAD4D0A5}"
EndProject
Global
	GlobalSection(SolutionConfigurationPlatforms) = preSolution
		Debug|Any CPU = Debug|Any CPU
		Release|Any CPU = Release|Any CPU
	EndGlobalSection
	GlobalSection(ProjectConfigurationPlatforms) = postSolution
		{725F3383-4E94-4BB6-8DCA-B75FCAD4D0A5}.Debug|Any CPU.ActiveCfg = Debug|Any CPU
		{725F3383-4E94-4BB6-8DCA-B75FCAD4D0A5}.Debug|Any CPU.Build.0 = Debug|Any CPU
		{725F3383-4E94-4BB6-8DCA-B75FCAD4D0A5}.Release|Any CPU.ActiveCfg = Release|Any CPU
		{725F3383-4E94-4BB6-8DCA-B75FCAD4D0A5}.Release|Any CPU.Build.0 = Release|Any CPU
	EndGlobalSection
	GlobalSection(SolutionProperties) = preSolution
		HideSolutionNode = FALSE
	EndGlobalSection
	GlobalSection(ExtensibilityGlobals) = postSolution
		SolutionGuid = {7F73D2D3-9E59-4A5B-9BF9-73B8EE72AB68}
	EndGlobalSection
EndGlobal
